
Microsoft Visual Studio Solution File, Format Version 12.00
# Visual Studio 2013
VisualStudioVersion = 12.0.31101.0
MinimumVisualStudioVersion = 10.0.40219.1
Project("{FAE04EC0-301F-11D3-BF4B-00C04F79EFBC}") = "Rps.Web", "Rps.Web\Rps.Web.csproj", "{35310456-3110-4D26-ACA6-A3844541D93C}"
EndProject
Project("{FAE04EC0-301F-11D3-BF4B-00C04F79EFBC}") = "Rps.Web.Tests", "Rps.Web.Tests\Rps.Web.Tests.csproj", "{2AC3C075-E945-4CFF-96E1-D20825FA46ED}"
EndProject
Project("{FAE04EC0-301F-11D3-BF4B-00C04F79EFBC}") = "Rps.Domain", "Rps.Domain\Rps.Domain.csproj", "{36D2526B-E5DD-460A-A331-6C9C5DE80452}"
EndProject
Project("{FAE04EC0-301F-11D3-BF4B-00C04F79EFBC}") = "Rps.Domain.Tests", "Rps.Domain.Tests\Rps.Domain.Tests.csproj", "{CDBFA6D8-DF36-48C2-9A53-345F602A3811}"
EndProject
Project("{2150E333-8FDC-42A3-9474-1A3956D46DE8}") = "Tests", "Tests", "{1417598A-6998-42A4-81E9-46E9C89F9378}"
EndProject
Project("{2150E333-8FDC-42A3-9474-1A3956D46DE8}") = "App", "App", "{CB6BF1D9-085D-4393-87DA-C9F058BB6ED1}"
EndProject
Project("{FAE04EC0-301F-11D3-BF4B-00C04F79EFBC}") = "Rps.Core", "Rps.Core\Rps.Core.csproj", "{317031BB-C202-484C-9AC2-DD1D95226BC8}"
EndProject
Project("{FAE04EC0-301F-11D3-BF4B-00C04F79EFBC}") = "Rps.Core.Tests", "Rps.Core.Tests\Rps.Core.Tests.csproj", "{F15A324E-7CD4-48E3-8FF0-10BAF1664C3E}"
EndProject
Global
	GlobalSection(SolutionConfigurationPlatforms) = preSolution
		Debug|Any CPU = Debug|Any CPU
		Release|Any CPU = Release|Any CPU
	EndGlobalSection
	GlobalSection(ProjectConfigurationPlatforms) = postSolution
		{35310456-3110-4D26-ACA6-A3844541D93C}.Debug|Any CPU.ActiveCfg = Debug|Any CPU
		{35310456-3110-4D26-ACA6-A3844541D93C}.Debug|Any CPU.Build.0 = Debug|Any CPU
		{35310456-3110-4D26-ACA6-A3844541D93C}.Release|Any CPU.ActiveCfg = Release|Any CPU
		{35310456-3110-4D26-ACA6-A3844541D93C}.Release|Any CPU.Build.0 = Release|Any CPU
		{2AC3C075-E945-4CFF-96E1-D20825FA46ED}.Debug|Any CPU.ActiveCfg = Debug|Any CPU
		{2AC3C075-E945-4CFF-96E1-D20825FA46ED}.Debug|Any CPU.Build.0 = Debug|Any CPU
		{2AC3C075-E945-4CFF-96E1-D20825FA46ED}.Release|Any CPU.ActiveCfg = Release|Any CPU
		{2AC3C075-E945-4CFF-96E1-D20825FA46ED}.Release|Any CPU.Build.0 = Release|Any CPU
		{36D2526B-E5DD-460A-A331-6C9C5DE80452}.Debug|Any CPU.ActiveCfg = Debug|Any CPU
		{36D2526B-E5DD-460A-A331-6C9C5DE80452}.Debug|Any CPU.Build.0 = Debug|Any CPU
		{36D2526B-E5DD-460A-A331-6C9C5DE80452}.Release|Any CPU.ActiveCfg = Release|Any CPU
		{36D2526B-E5DD-460A-A331-6C9C5DE80452}.Release|Any CPU.Build.0 = Release|Any CPU
		{CDBFA6D8-DF36-48C2-9A53-345F602A3811}.Debug|Any CPU.ActiveCfg = Debug|Any CPU
		{CDBFA6D8-DF36-48C2-9A53-345F602A3811}.Debug|Any CPU.Build.0 = Debug|Any CPU
		{CDBFA6D8-DF36-48C2-9A53-345F602A3811}.Release|Any CPU.ActiveCfg = Release|Any CPU
		{CDBFA6D8-DF36-48C2-9A53-345F602A3811}.Release|Any CPU.Build.0 = Release|Any CPU
		{317031BB-C202-484C-9AC2-DD1D95226BC8}.Debug|Any CPU.ActiveCfg = Debug|Any CPU
		{317031BB-C202-484C-9AC2-DD1D95226BC8}.Debug|Any CPU.Build.0 = Debug|Any CPU
		{317031BB-C202-484C-9AC2-DD1D95226BC8}.Release|Any CPU.ActiveCfg = Release|Any CPU
		{317031BB-C202-484C-9AC2-DD1D95226BC8}.Release|Any CPU.Build.0 = Release|Any CPU
		{F15A324E-7CD4-48E3-8FF0-10BAF1664C3E}.Debug|Any CPU.ActiveCfg = Debug|Any CPU
		{F15A324E-7CD4-48E3-8FF0-10BAF1664C3E}.Debug|Any CPU.Build.0 = Debug|Any CPU
		{F15A324E-7CD4-48E3-8FF0-10BAF1664C3E}.Release|Any CPU.ActiveCfg = Release|Any CPU
		{F15A324E-7CD4-48E3-8FF0-10BAF1664C3E}.Release|Any CPU.Build.0 = Release|Any CPU
	EndGlobalSection
	GlobalSection(SolutionProperties) = preSolution
		HideSolutionNode = FALSE
	EndGlobalSection
	GlobalSection(NestedProjects) = preSolution
		{35310456-3110-4D26-ACA6-A3844541D93C} = {CB6BF1D9-085D-4393-87DA-C9F058BB6ED1}
		{2AC3C075-E945-4CFF-96E1-D20825FA46ED} = {1417598A-6998-42A4-81E9-46E9C89F9378}
		{36D2526B-E5DD-460A-A331-6C9C5DE80452} = {CB6BF1D9-085D-4393-87DA-C9F058BB6ED1}
		{CDBFA6D8-DF36-48C2-9A53-345F602A3811} = {1417598A-6998-42A4-81E9-46E9C89F9378}
		{317031BB-C202-484C-9AC2-DD1D95226BC8} = {CB6BF1D9-085D-4393-87DA-C9F058BB6ED1}
		{F15A324E-7CD4-48E3-8FF0-10BAF1664C3E} = {1417598A-6998-42A4-81E9-46E9C89F9378}
	EndGlobalSection
EndGlobal
